
Microsoft Visual Studio Solution File, Format Version 12.00
# Visual Studio Version 16
VisualStudioVersion = 16.0.29215.179
MinimumVisualStudioVersion = 10.0.40219.1
Project("{9A19103F-16F7-4668-BE54-9A1E7A4F7556}") = "GPhotoStats.BL", "GPhotoStats.BL\GPhotoStats.BL.csproj", "{4F39182A-2015-4407-BA78-1D513D557300}"
EndProject
Project("{FAE04EC0-301F-11D3-BF4B-00C04F79EFBC}") = "GPhotoStats.Web", "GPhotoStats.Web\GPhotoStats.Web.csproj", "{4E960DBA-9F8E-48B0-A5DE-0A628ED7C88F}"
EndProject
Global
	GlobalSection(SolutionConfigurationPlatforms) = preSolution
		Debug|Any CPU = Debug|Any CPU
		Release|Any CPU = Release|Any CPU
	EndGlobalSection
	GlobalSection(ProjectConfigurationPlatforms) = postSolution
		{4F39182A-2015-4407-BA78-1D513D557300}.Debug|Any CPU.ActiveCfg = Debug|Any CPU
		{4F39182A-2015-4407-BA78-1D513D557300}.Debug|Any CPU.Build.0 = Debug|Any CPU
		{4F39182A-2015-4407-BA78-1D513D557300}.Release|Any CPU.ActiveCfg = Release|Any CPU
		{4F39182A-2015-4407-BA78-1D513D557300}.Release|Any CPU.Build.0 = Release|Any CPU
		{4E960DBA-9F8E-48B0-A5DE-0A628ED7C88F}.Debug|Any CPU.ActiveCfg = Debug|Any CPU
		{4E960DBA-9F8E-48B0-A5DE-0A628ED7C88F}.Debug|Any CPU.Build.0 = Debug|Any CPU
		{4E960DBA-9F8E-48B0-A5DE-0A628ED7C88F}.Release|Any CPU.ActiveCfg = Release|Any CPU
		{4E960DBA-9F8E-48B0-A5DE-0A628ED7C88F}.Release|Any CPU.Build.0 = Release|Any CPU
	EndGlobalSection
	GlobalSection(SolutionProperties) = preSolution
		HideSolutionNode = FALSE
	EndGlobalSection
	GlobalSection(ExtensibilityGlobals) = postSolution
		SolutionGuid = {F898C945-E755-43A0-B303-F6F84A7594C5}
	EndGlobalSection
EndGlobal
